
Microsoft Visual Studio Solution File, Format Version 12.00
# Visual Studio Version 17
VisualStudioVersion = 17.14.36212.18
MinimumVisualStudioVersion = 10.0.40219.1
Project("{FAE04EC0-301F-11D3-BF4B-00C04F79EFBC}") = "TuneBridge", "TuneBridge.csproj", "{127C27A6-B3FD-14C2-BC7E-3176B16766B2}"
EndProject
Project("{2150E333-8FDC-42A3-9474-1A3956D46DE8}") = ".github", ".github", "{02EA681E-C7D8-13C7-8484-4AC65E1B71E8}"
EndProject
Project("{2150E333-8FDC-42A3-9474-1A3956D46DE8}") = "workflows", "workflows", "{28BD6C4E-A4DA-40F2-B7C0-7855504B1BDC}"
	ProjectSection(SolutionItems) = preProject
		.github\workflows\docker-publish.yml = .github\workflows\docker-publish.yml
	EndProjectSection
EndProject
Project("{FAE04EC0-301F-11D3-BF4B-00C04F79EFBC}") = "TuneBridge.Tests", "TuneBridge.Tests\TuneBridge.Tests.csproj", "{5C9180AA-5AD7-4B42-B7B9-7550011F2926}"
EndProject
Global
	GlobalSection(SolutionConfigurationPlatforms) = preSolution
		Debug|Any CPU = Debug|Any CPU
		Debug|x64 = Debug|x64
		Debug|x86 = Debug|x86
		Release|Any CPU = Release|Any CPU
		Release|x64 = Release|x64
		Release|x86 = Release|x86
	EndGlobalSection
	GlobalSection(ProjectConfigurationPlatforms) = postSolution
		{127C27A6-B3FD-14C2-BC7E-3176B16766B2}.Debug|Any CPU.ActiveCfg = Debug|Any CPU
		{127C27A6-B3FD-14C2-BC7E-3176B16766B2}.Debug|Any CPU.Build.0 = Debug|Any CPU
		{127C27A6-B3FD-14C2-BC7E-3176B16766B2}.Debug|x64.ActiveCfg = Debug|Any CPU
		{127C27A6-B3FD-14C2-BC7E-3176B16766B2}.Debug|x64.Build.0 = Debug|Any CPU
		{127C27A6-B3FD-14C2-BC7E-3176B16766B2}.Debug|x86.ActiveCfg = Debug|Any CPU
		{127C27A6-B3FD-14C2-BC7E-3176B16766B2}.Debug|x86.Build.0 = Debug|Any CPU
		{127C27A6-B3FD-14C2-BC7E-3176B16766B2}.Release|Any CPU.ActiveCfg = Release|Any CPU
		{127C27A6-B3FD-14C2-BC7E-3176B16766B2}.Release|Any CPU.Build.0 = Release|Any CPU
		{127C27A6-B3FD-14C2-BC7E-3176B16766B2}.Release|x64.ActiveCfg = Release|Any CPU
		{127C27A6-B3FD-14C2-BC7E-3176B16766B2}.Release|x64.Build.0 = Release|Any CPU
		{127C27A6-B3FD-14C2-BC7E-3176B16766B2}.Release|x86.ActiveCfg = Release|Any CPU
		{127C27A6-B3FD-14C2-BC7E-3176B16766B2}.Release|x86.Build.0 = Release|Any CPU
		{5C9180AA-5AD7-4B42-B7B9-7550011F2926}.Debug|Any CPU.ActiveCfg = Debug|Any CPU
		{5C9180AA-5AD7-4B42-B7B9-7550011F2926}.Debug|Any CPU.Build.0 = Debug|Any CPU
		{5C9180AA-5AD7-4B42-B7B9-7550011F2926}.Debug|x64.ActiveCfg = Debug|Any CPU
		{5C9180AA-5AD7-4B42-B7B9-7550011F2926}.Debug|x64.Build.0 = Debug|Any CPU
		{5C9180AA-5AD7-4B42-B7B9-7550011F2926}.Debug|x86.ActiveCfg = Debug|Any CPU
		{5C9180AA-5AD7-4B42-B7B9-7550011F2926}.Debug|x86.Build.0 = Debug|Any CPU
		{5C9180AA-5AD7-4B42-B7B9-7550011F2926}.Release|Any CPU.ActiveCfg = Release|Any CPU
		{5C9180AA-5AD7-4B42-B7B9-7550011F2926}.Release|Any CPU.Build.0 = Release|Any CPU
		{5C9180AA-5AD7-4B42-B7B9-7550011F2926}.Release|x64.ActiveCfg = Release|Any CPU
		{5C9180AA-5AD7-4B42-B7B9-7550011F2926}.Release|x64.Build.0 = Release|Any CPU
		{5C9180AA-5AD7-4B42-B7B9-7550011F2926}.Release|x86.ActiveCfg = Release|Any CPU
		{5C9180AA-5AD7-4B42-B7B9-7550011F2926}.Release|x86.Build.0 = Release|Any CPU
	EndGlobalSection
	GlobalSection(SolutionProperties) = preSolution
		HideSolutionNode = FALSE
	EndGlobalSection
	GlobalSection(NestedProjects) = preSolution
		{28BD6C4E-A4DA-40F2-B7C0-7855504B1BDC} = {02EA681E-C7D8-13C7-8484-4AC65E1B71E8}
	EndGlobalSection
	GlobalSection(ExtensibilityGlobals) = postSolution
		SolutionGuid = {E3F1E544-83BC-4F4B-8E16-713C98E01F4B}
	EndGlobalSection
EndGlobal
