{
  "version": 1,
  "dependencies": {
    "net10.0": {
      "idunno.AtProto": {
        "type": "Direct",
        "requested": "[3.0.0, )",
        "resolved": "3.0.0",
        "contentHash": "2c58YetcEjktBmu6lYzxKJRyqp6/6nATBjuNxyDPMfYL+dB4S6GQimqducAYFzDQOdv6468QYp99qv0TBji92g==",
        "dependencies": {
          "DnsClient": "1.8.0",
          "Duende.IdentityModel.OidcClient": "7.1.0",
          "Duende.IdentityModel.OidcClient.Extensions": "7.1.0",
          "Microsoft.AspNetCore.WebUtilities": "10.0.0",
          "Microsoft.Extensions.Caching.Memory": "10.0.0",
          "Microsoft.Extensions.DependencyInjection": "10.0.0",
          "Microsoft.Extensions.Http": "10.0.0",
          "Microsoft.Extensions.Logging": "10.0.0",
          "Microsoft.IdentityModel.JsonWebTokens": "8.19.1",
          "OpenTelemetry.Extensions.Hosting": "1.16.0",
          "PeterO.Cbor": "4.5.5",
          "SimpleBase": "5.6.1",
          "ZstdSharp.Port": "0.8.8",
          "idunno.AtProto.Types": "3.0.0",
          "idunno.Security.Ssrf": "5.3.0"
        }
      },
      "idunno.Bluesky": {
        "type": "Direct",
        "requested": "[3.0.0, )",
        "resolved": "3.0.0",
        "contentHash": "43iK2fIvykGlllrxU3otcacftGeOqWYyXBpBkP7KghzjSuF/t7dSDzLcLLZKYKWoz7s8z70KAn7NRYsMRSM4QQ==",
        "dependencies": {
          "idunno.AtProto": "3.0.0"
        }
      },
      "OpenTelemetry.Extensions.Hosting": {
        "type": "Direct",
        "requested": "[1.17.0, )",
        "resolved": "1.17.0",
        "contentHash": "t1OwL/4qgboGMobYVT+UV5zgWnFqCp4Pw8lcsmzh8m2K8PQsTKkyxrC32tqYTMYny3GOW4q5cltE3dTVzLmRew==",
        "dependencies": {
          "Microsoft.Extensions.Hosting.Abstractions": "10.0.0",
          "OpenTelemetry": "1.17.0"
        }
      },
      "DnsClient": {
        "type": "Transitive",
        "resolved": "1.8.0",
        "contentHash": "RRwtaCXkXWsx0mmsReGDqCbRLtItfUbkRJlet1FpdciVhyMGKcPd57T1+8Jki9ojHlq9fntVhXQroOOgRak8DQ=="
      },
      "Duende.IdentityModel": {
        "type": "Transitive",
        "resolved": "8.1.0",
        "contentHash": "ncmC2ISg0efTqY74xI6gaLKlv4mErT5ruYK262dkSnAv07g9qYC2++q7AWWs1FyP2c0YZ6LvUtcoJmxZqYyVrA=="
      },
      "Duende.IdentityModel.OidcClient": {
        "type": "Transitive",
        "resolved": "7.1.0",
        "contentHash": "5i/eSXgMtqM01ntFZ4pMRkJu8VaLATZL0Ck87XlVUy8SFHy0+n2WuK9LkqT6VLhT4z/We10hoguv6pTH1iUz6g==",
        "dependencies": {
          "Duende.IdentityModel": "8.1.0",
          "Microsoft.Extensions.Logging.Abstractions": "10.0.4"
        }
      },
      "Duende.IdentityModel.OidcClient.Extensions": {
        "type": "Transitive",
        "resolved": "7.1.0",
        "contentHash": "Dt9FdidywRaF8y4S4qKF31DlOFzQZCjcvkk7k3+t9Y7hMgdcEe0tuuWuWZuACC+aurSipx9bJp/y/kGvemlDiw==",
        "dependencies": {
          "Duende.IdentityModel.OidcClient": "7.1.0",
          "Microsoft.Extensions.Logging.Abstractions": "10.0.4",
          "System.IdentityModel.Tokens.Jwt": "[8.0.1, 9.0.0)"
        }
      },
      "idunno.AtProto.Types": {
        "type": "Transitive",
        "resolved": "3.0.0",
        "contentHash": "y25DNCgzpey3qjHbCnP6bgI0229JHQXtuv6/fr69H731YcQ3JDrQ5BTTS16DsdxIyNz51XGZIURWdStwTIydmQ==",
        "dependencies": {
          "SimpleBase": "5.6.1"
        }
      },
      "idunno.Security.Ssrf": {
        "type": "Transitive",
        "resolved": "5.3.0",
        "contentHash": "IJhyGIolnc/ZSueqhL+gq9f8Yb3oqErQamQGJ2JT/LXPOALA16t4SIWRWjFx9XeBez3/JnIApJTCkQCTM3wTWg==",
        "dependencies": {
          "Microsoft.Extensions.DependencyInjection": "10.0.0",
          "Microsoft.Extensions.Logging.Abstractions": "10.0.5",
          "OpenTelemetry.Extensions.Hosting": "1.15.3"
        }
      },
      "Microsoft.AspNetCore.WebUtilities": {
        "type": "Transitive",
        "resolved": "10.0.0",
        "contentHash": "zdstnPGqEnNnC5C5hCRcO/9KzEPgLCUJ7K7l1d+OJtsBagcYqwsC9zsC5GSqlvNrOKSa2QRqhRv6eNutMm/rgQ==",
        "dependencies": {
          "Microsoft.Net.Http.Headers": "10.0.0"
        }
      },
      "Microsoft.Bcl.Cryptography": {
        "type": "Transitive",
        "resolved": "10.0.2",
        "contentHash": "LG9Yll3B5aNpxv0+D47g6LiOiKBIlodhcHdQwcYzo8VeexFLGqx5ymetmA2aBRyo9cCcWsQWrFsdbsr8LvmWDw=="
      },
      "Microsoft.Extensions.Caching.Abstractions": {
        "type": "Transitive",
        "resolved": "10.0.0",
        "contentHash": "Zcoy6H9mSoGyvr7UvlGokEZrlZkcPCICPZr8mCsSt9U/N8eeCwCXwKF5bShdA66R0obxBCwP4AxomQHvVkC/uA==",
        "dependencies": {
          "Microsoft.Extensions.Primitives": "10.0.0"
        }
      },
      "Microsoft.Extensions.Caching.Memory": {
        "type": "Transitive",
        "resolved": "10.0.0",
        "contentHash": "krK19MKp0BNiR9rpBDW7PKSrTMLVlifS9am3CVc4O1Jq6GWz0o4F+sw5OSL4L3mVd56W8l6JRgghUa2KB51vOw==",
        "dependencies": {
          "Microsoft.Extensions.Caching.Abstractions": "10.0.0",
          "Microsoft.Extensions.DependencyInjection.Abstractions": "10.0.0",
          "Microsoft.Extensions.Logging.Abstractions": "10.0.0",
          "Microsoft.Extensions.Options": "10.0.0",
          "Microsoft.Extensions.Primitives": "10.0.0"
        }
      },
      "Microsoft.Extensions.Configuration": {
        "type": "Transitive",
        "resolved": "10.0.0",
        "contentHash": "H4SWETCh/cC5L1WtWchHR6LntGk3rDTTznZMssr4cL8IbDmMWBxY+MOGDc/ASnqNolLKPIWHWeuC1ddiL/iNPw==",
        "dependencies": {
          "Microsoft.Extensions.Configuration.Abstractions": "10.0.0",
          "Microsoft.Extensions.Primitives": "10.0.0"
        }
      },
      "Microsoft.Extensions.Configuration.Abstractions": {
        "type": "Transitive",
        "resolved": "10.0.0",
        "contentHash": "d2kDKnCsJvY7mBVhcjPSp9BkJk48DsaHPg5u+Oy4f8XaOqnEedRy/USyvnpHL92wpJ6DrTPy7htppUUzskbCXQ==",
        "dependencies": {
          "Microsoft.Extensions.Primitives": "10.0.0"
        }
      },
      "Microsoft.Extensions.Configuration.Binder": {
        "type": "Transitive",
        "resolved": "10.0.0",
        "contentHash": "tMF9wNh+hlyYDWB8mrFCQHQmWHlRosol1b/N2Jrefy1bFLnuTlgSYmPyHNmz8xVQgs7DpXytBRWxGhG+mSTp0g==",
        "dependencies": {
          "Microsoft.Extensions.Configuration": "10.0.0",
          "Microsoft.Extensions.Configuration.Abstractions": "10.0.0"
        }
      },
      "Microsoft.Extensions.Configuration.EnvironmentVariables": {
        "type": "Transitive",
        "resolved": "10.0.0",
        "contentHash": "TmFegsI/uCdwMBD4yKpmO+OkjVNHQL49Dh/ep83NI5rPUEoBK9OdsJo1zURc1A2FuS/R/Pos3wsTjlyLnguBLA==",
        "dependencies": {
          "Microsoft.Extensions.Configuration": "10.0.0",
          "Microsoft.Extensions.Configuration.Abstractions": "10.0.0"
        }
      },
      "Microsoft.Extensions.DependencyInjection": {
        "type": "Transitive",
        "resolved": "10.0.0",
        "contentHash": "f0RBabswJq+gRu5a+hWIobrLWiUYPKMhCD9WO3sYBAdSy3FFH14LMvLVFZc2kPSCimBLxSuitUhsd6tb0TAY6A==",
        "dependencies": {
          "Microsoft.Extensions.DependencyInjection.Abstractions": "10.0.0"
        }
      },
      "Microsoft.Extensions.DependencyInjection.Abstractions": {
        "type": "Transitive",
        "resolved": "10.0.5",
        "contentHash": "iVMtq9eRvzyhx8949EGT0OCYJfXi737SbRVzWXE5GrOgGj5AaZ9eUuxA/BSUfmOMALKn/g8KfFaNQw0eiB3lyA=="
      },
      "Microsoft.Extensions.Diagnostics": {
        "type": "Transitive",
        "resolved": "10.0.0",
        "contentHash": "xjkxIPgrT0mKTfBwb+CVqZnRchyZgzKIfDQOp8z+WUC6vPe3WokIf71z+hJPkH0YBUYJwa7Z/al1R087ib9oiw==",
        "dependencies": {
          "Microsoft.Extensions.Configuration": "10.0.0",
          "Microsoft.Extensions.Diagnostics.Abstractions": "10.0.0",
          "Microsoft.Extensions.Options.ConfigurationExtensions": "10.0.0"
        }
      },
      "Microsoft.Extensions.Diagnostics.Abstractions": {
        "type": "Transitive",
        "resolved": "10.0.0",
        "contentHash": "SfK89ytD61S7DgzorFljSkUeluC1ncn6dtZgwc0ot39f/BEYWBl5jpgvodxduoYAs1d9HG8faCDRZxE95UMo2A==",
        "dependencies": {
          "Microsoft.Extensions.DependencyInjection.Abstractions": "10.0.0",
          "Microsoft.Extensions.Options": "10.0.0"
        }
      },
      "Microsoft.Extensions.FileProviders.Abstractions": {
        "type": "Transitive",
        "resolved": "10.0.0",
        "contentHash": "/ppSdehKk3fuXjlqCDgSOtjRK/pSHU8eWgzSHfHdwVm5BP4Dgejehkw+PtxKG2j98qTDEHDst2Y99aNsmJldmw==",
        "dependencies": {
          "Microsoft.Extensions.Primitives": "10.0.0"
        }
      },
      "Microsoft.Extensions.Hosting.Abstractions": {
        "type": "Transitive",
        "resolved": "10.0.0",
        "contentHash": "KrN6TGFwCwqOkLLk/idW/XtDQh+8In+CL9T4M1Dx+5ScsjTq4TlVbal8q532m82UYrMr6RiQJF2HvYCN0QwVsA==",
        "dependencies": {
          "Microsoft.Extensions.Configuration.Abstractions": "10.0.0",
          "Microsoft.Extensions.DependencyInjection.Abstractions": "10.0.0",
          "Microsoft.Extensions.Diagnostics.Abstractions": "10.0.0",
          "Microsoft.Extensions.FileProviders.Abstractions": "10.0.0",
          "Microsoft.Extensions.Logging.Abstractions": "10.0.0"
        }
      },
      "Microsoft.Extensions.Http": {
        "type": "Transitive",
        "resolved": "10.0.0",
        "contentHash": "r+mSvm/Ryc/iYcc9zcUG5VP9EBB8PL1rgVU6macEaYk45vmGRk9PntM3aynFKN6s3Q4WW36kedTycIctctpTUQ==",
        "dependencies": {
          "Microsoft.Extensions.Configuration.Abstractions": "10.0.0",
          "Microsoft.Extensions.DependencyInjection.Abstractions": "10.0.0",
          "Microsoft.Extensions.Diagnostics": "10.0.0",
          "Microsoft.Extensions.Logging": "10.0.0",
          "Microsoft.Extensions.Logging.Abstractions": "10.0.0",
          "Microsoft.Extensions.Options": "10.0.0"
        }
      },
      "Microsoft.Extensions.Logging": {
        "type": "Transitive",
        "resolved": "10.0.0",
        "contentHash": "BStFkd5CcnEtarlcgYDBcFzGYCuuNMzPs02wN3WBsOFoYIEmYoUdAiU+au6opzoqfTYJsMTW00AeqDdnXH2CvA==",
        "dependencies": {
          "Microsoft.Extensions.DependencyInjection": "10.0.0",
          "Microsoft.Extensions.Logging.Abstractions": "10.0.0",
          "Microsoft.Extensions.Options": "10.0.0"
        }
      },
      "Microsoft.Extensions.Logging.Abstractions": {
        "type": "Transitive",
        "resolved": "10.0.5",
        "contentHash": "9HOdqlDtPptVcmKAjsQ/Nr5Rxfq6FMYLdhvZh1lVmeKR738qeYecQD7+ldooXf+u2KzzR1kafSphWngIM3C6ug==",
        "dependencies": {
          "Microsoft.Extensions.DependencyInjection.Abstractions": "10.0.5"
        }
      },
      "Microsoft.Extensions.Logging.Configuration": {
        "type": "Transitive",
        "resolved": "10.0.0",
        "contentHash": "j8zcwhS6bYB6FEfaY3nYSgHdpiL2T+/V3xjpHtslVAegyI1JUbB9yAt/BFdvZdsNbY0Udm4xFtvfT/hUwcOOOg==",
        "dependencies": {
          "Microsoft.Extensions.Configuration": "10.0.0",
          "Microsoft.Extensions.Configuration.Abstractions": "10.0.0",
          "Microsoft.Extensions.Configuration.Binder": "10.0.0",
          "Microsoft.Extensions.DependencyInjection.Abstractions": "10.0.0",
          "Microsoft.Extensions.Logging": "10.0.0",
          "Microsoft.Extensions.Logging.Abstractions": "10.0.0",
          "Microsoft.Extensions.Options": "10.0.0",
          "Microsoft.Extensions.Options.ConfigurationExtensions": "10.0.0"
        }
      },
      "Microsoft.Extensions.Options": {
        "type": "Transitive",
        "resolved": "10.0.0",
        "contentHash": "8oCAgXOow5XDrY9HaXX1QmH3ORsyZO/ANVHBlhLyCeWTH5Sg4UuqZeOTWJi6484M+LqSx0RqQXDJtdYy2BNiLQ==",
        "dependencies": {
          "Microsoft.Extensions.DependencyInjection.Abstractions": "10.0.0",
          "Microsoft.Extensions.Primitives": "10.0.0"
        }
      },
      "Microsoft.Extensions.Options.ConfigurationExtensions": {
        "type": "Transitive",
        "resolved": "10.0.0",
        "contentHash": "tL9cSl3maS5FPzp/3MtlZI21ExWhni0nnUCF8HY4npTsINw45n9SNDbkKXBMtFyUFGSsQep25fHIDN4f/Vp3AQ==",
        "dependencies": {
          "Microsoft.Extensions.Configuration.Abstractions": "10.0.0",
          "Microsoft.Extensions.Configuration.Binder": "10.0.0",
          "Microsoft.Extensions.DependencyInjection.Abstractions": "10.0.0",
          "Microsoft.Extensions.Options": "10.0.0",
          "Microsoft.Extensions.Primitives": "10.0.0"
        }
      },
      "Microsoft.Extensions.Primitives": {
        "type": "Transitive",
        "resolved": "10.0.0",
        "contentHash": "inRnbpCS0nwO/RuoZIAqxQUuyjaknOOnCEZB55KSMMjRhl0RQDttSmLSGsUJN3RQ3ocf5NDLFd2mOQViHqMK5w=="
      },
      "Microsoft.IdentityModel.Abstractions": {
        "type": "Transitive",
        "resolved": "8.19.1",
        "contentHash": "gFA8THIk23uNF/vMdOHnjIdXD1LyA2g12cHzMJ+Xag6WpgWLw6E/6uCXxvA0gp9d2yAvkRt3xzFzMUiO/hofnQ=="
      },
      "Microsoft.IdentityModel.JsonWebTokens": {
        "type": "Transitive",
        "resolved": "8.19.1",
        "contentHash": "6eeY+y2QFyjj3XnCz/8gJdoP5smYHTS9ow1bw2nsZzDIPjPhBZlackYTIduSMipVpxnoT/B62LkrXX2jPggOXg==",
        "dependencies": {
          "Microsoft.IdentityModel.Tokens": "8.19.1"
        }
      },
      "Microsoft.IdentityModel.Logging": {
        "type": "Transitive",
        "resolved": "8.19.1",
        "contentHash": "H+sMrMpdbWnwkQnpb/ESkQovtOgdefmj0ecGCcP40mDKzE5i4dUYkH6599M9mWYFNGNJnTp92l/9wLubYXWimw==",
        "dependencies": {
          "Microsoft.IdentityModel.Abstractions": "8.19.1"
        }
      },
      "Microsoft.IdentityModel.Tokens": {
        "type": "Transitive",
        "resolved": "8.19.1",
        "contentHash": "KDiuSLXud2AFVNAOottd8ztVysfPeHyr4r8gofU3/VKUXlI7oytzGTnPsNJ/B3nui17rgz8wAdWNJOtzPjkUxw==",
        "dependencies": {
          "Microsoft.Bcl.Cryptography": "10.0.2",
          "Microsoft.Extensions.Logging.Abstractions": "8.0.0",
          "Microsoft.IdentityModel.Logging": "8.19.1"
        }
      },
      "Microsoft.Net.Http.Headers": {
        "type": "Transitive",
        "resolved": "10.0.0",
        "contentHash": "oAB8tXiJn2AMMUPEGWNquy9LagAwzb6TTmJmBWcoS9kM5YUbNUMy2UMkW6kMw9wrFpNco4vAZCuY7VLJoKdd3g==",
        "dependencies": {
          "Microsoft.Extensions.Primitives": "10.0.0"
        }
      },
      "OpenTelemetry": {
        "type": "Transitive",
        "resolved": "1.17.0",
        "contentHash": "rMLOTftlMlTm7+MSrvXDHnJRjVkROFNKXHZrYjOsX+LankaFG7QSflx7qRRGjoqZoirohnxmJQ7GEb9occO4Gg==",
        "dependencies": {
          "Microsoft.Extensions.Configuration.EnvironmentVariables": "10.0.0",
          "Microsoft.Extensions.Diagnostics.Abstractions": "10.0.0",
          "Microsoft.Extensions.Logging.Configuration": "10.0.0",
          "OpenTelemetry.Api.ProviderBuilderExtensions": "1.17.0"
        }
      },
      "OpenTelemetry.Api": {
        "type": "Transitive",
        "resolved": "1.17.0",
        "contentHash": "mSBxzomZgHIJu9CyVNqyDu/n2JHEtqVgfcCD1Br0cV5iLYogjZOMqhlVLt99PEp+0KGBNUR3GXgeOdN2GR3F9g=="
      },
      "OpenTelemetry.Api.ProviderBuilderExtensions": {
        "type": "Transitive",
        "resolved": "1.17.0",
        "contentHash": "Xgc3Qf9B9TFMFpx6exTdGqMWuYIT2miNzkdMPutVvT9YuMFaEovXWke1Gb6z8NxYaQbbGF38vYLuSg1JCeui5Q==",
        "dependencies": {
          "Microsoft.Extensions.DependencyInjection.Abstractions": "10.0.0",
          "OpenTelemetry.Api": "1.17.0"
        }
      },
      "PeterO.Cbor": {
        "type": "Transitive",
        "resolved": "4.5.5",
        "contentHash": "9fMcLg2SUm9ri1j3gVPYxk6+Ev4l4wu93bYwFG1tvntg1Qy4m0rFDdxStG88XR/W4DggOtBXfPVkC3bLF10nqw==",
        "dependencies": {
          "PeterO.Numbers": "1.8.2",
          "PeterO.URIUtility": "1.0.0"
        }
      },
      "PeterO.Numbers": {
        "type": "Transitive",
        "resolved": "1.8.2",
        "contentHash": "d+A5KLoWbwOTpvubPaGXLgCzANE00jXmsT+yneHwLe2OlobBBFLaIHyoDwmekuHM17z9hU++RF6mL+zZ2x69nA=="
      },
      "PeterO.URIUtility": {
        "type": "Transitive",
        "resolved": "1.0.0",
        "contentHash": "fpRTBsYACMp7NvTECauYRomubWTC3vUNw4hMXdIedP8ctBGK6tea9HOJwE+qVzis6MZYkL3LIs8qeY3rc6Jdlw=="
      },
      "SimpleBase": {
        "type": "Transitive",
        "resolved": "5.6.1",
        "contentHash": "gCexR8/Laso8JFm8myi3uJfo6NYyZElg5qgRyGHok6jFNY/wQwLJHr0D4tb6645SBV2D6L8e/xV2RMSSKXYd5Q=="
      },
      "System.IdentityModel.Tokens.Jwt": {
        "type": "Transitive",
        "resolved": "8.0.1",
        "contentHash": "GJw3bYkWpOgvN3tJo5X4lYUeIFA2HD293FPUhKmp7qxS+g5ywAb34Dnd3cDAFLkcMohy5XTpoaZ4uAHuw0uSPQ==",
        "dependencies": {
          "Microsoft.IdentityModel.JsonWebTokens": "8.0.1",
          "Microsoft.IdentityModel.Tokens": "8.0.1"
        }
      },
      "ZstdSharp.Port": {
        "type": "Transitive",
        "resolved": "0.8.8",
        "contentHash": "UIDFkA5DC3en3tOJ3Mof11yBx9kUQLsaeo/oFdvN6Bbkr9E9+VCqfIadHci8cu+I51K2Sl7XYWVl2R/mA75NBQ=="
      }
    }
  }
}