{
  "version": 1,
  "dependencies": {
    "net10.0": {
      "AspNetCore.Authentication.ApiKey": {
        "type": "Direct",
        "requested": "[9.0.0, )",
        "resolved": "9.0.0",
        "contentHash": "bvQc1iVs3RJZY+BEzId90Dv5R4pFVCyDscYoYIwkbpKRWPR5CCKgAjICsrS6pV8jfZOKNaJRyCLtGGn35adO2Q=="
      },
      "idunno.Bluesky": {
        "type": "Direct",
        "requested": "[1.3.0, )",
        "resolved": "1.3.0",
        "contentHash": "0w7dyXTfPPiOviUYDSf5HpZ2Bz0bhcqdhEbT/OIC3NsC7qopjtPRwB/LKxsNAHl0ZAMaAU3Pcw1GHKXlJMkfpQ==",
        "dependencies": {
          "idunno.AtProto": "1.3.0"
        }
      },
      "Microsoft.AspNetCore.Identity.EntityFrameworkCore": {
        "type": "Direct",
        "requested": "[10.0.1, )",
        "resolved": "10.0.1",
        "contentHash": "Dljm38k9d36gMXvNuhNrevoh2hh9wp7z3wcWN21qesm37GToDhYtdMjyQzw4a2J+rTJ19io0FDb0HQBtQVo7rw==",
        "dependencies": {
          "Microsoft.EntityFrameworkCore.Relational": "10.0.1"
        }
      },
      "Microsoft.EntityFrameworkCore.Design": {
        "type": "Direct",
        "requested": "[10.0.1, )",
        "resolved": "10.0.1",
        "contentHash": "0VcVx+hIo7j6bCjTlgPB1D4vHyLdkY3pVmlcsvRR8APEr0vRQ+Nj2Q3qYXTUeHgp8gdBxQFDVCfcAXknevD2KQ==",
        "dependencies": {
          "Humanizer.Core": "2.14.1",
          "Microsoft.Build.Framework": "17.14.28",
          "Microsoft.Build.Tasks.Core": "17.14.28",
          "Microsoft.Build.Utilities.Core": "17.14.28",
          "Microsoft.CodeAnalysis.CSharp": "4.14.0",
          "Microsoft.CodeAnalysis.CSharp.Workspaces": "4.14.0",
          "Microsoft.CodeAnalysis.Workspaces.MSBuild": "4.14.0",
          "Microsoft.EntityFrameworkCore.Relational": "10.0.1",
          "Microsoft.Extensions.DependencyModel": "10.0.1",
          "Mono.TextTemplating": "3.0.0",
          "Newtonsoft.Json": "13.0.3"
        }
      },
      "Microsoft.EntityFrameworkCore.Sqlite": {
        "type": "Direct",
        "requested": "[10.0.1, )",
        "resolved": "10.0.1",
        "contentHash": "Pzdcceryj0URGathTixUGBPifO9liMZLFG+aRKWORJEnMlDZYs3DRnzI3u2KHCo5SI7PuRpGKoyfgdVG1Pjv4g==",
        "dependencies": {
          "Microsoft.EntityFrameworkCore.Sqlite.Core": "10.0.1",
          "Microsoft.Extensions.DependencyModel": "10.0.1",
          "SQLitePCLRaw.bundle_e_sqlite3": "2.1.11",
          "SQLitePCLRaw.core": "2.1.11"
        }
      },
      "Microsoft.Extensions.Http.Resilience": {
        "type": "Direct",
        "requested": "[10.1.0, )",
        "resolved": "10.1.0",
        "contentHash": "rwDoQBB93yQjd1XtcZBnOLRX23LW7Z49TIAp1sn7i2r/pW3y4iB8E+EEL0ZyOPuEZxT9xEVN9y39KWlG1FDPkQ==",
        "dependencies": {
          "Microsoft.Extensions.Http.Diagnostics": "10.1.0",
          "Microsoft.Extensions.Resilience": "10.1.0"
        }
      },
      "Microsoft.IdentityModel.JsonWebTokens": {
        "type": "Direct",
        "requested": "[8.15.0, )",
        "resolved": "8.15.0",
        "contentHash": "3513f5VzvOZy3ELd42wGnh1Q3e83tlGAuXFSNbENpgWYoAhLLzgFtd5PiaOPGAU0gqKhYGVzKavghLUGfX3HQg==",
        "dependencies": {
          "Microsoft.IdentityModel.Tokens": "8.15.0"
        }
      },
      "Microsoft.NET.ILLink.Tasks": {
        "type": "Direct",
        "requested": "[10.0.2, )",
        "resolved": "10.0.2",
        "contentHash": "sXdDtMf2qcnbygw9OdE535c2lxSxrZP8gO4UhDJ0xiJbl1wIqXS1OTcTDFTIJPOFd6Mhcm8gPEthqWGUxBsTqw=="
      },
      "NetCord": {
        "type": "Direct",
        "requested": "[1.0.0-alpha.452, )",
        "resolved": "1.0.0-alpha.452",
        "contentHash": "zOzgyvciEXSmz94ZK1V1l6/EjLVmIHA8/p/8TQRWP4+qf4yaMOBLkeqYVnNR9xhkxJM954DawDw4VA4nmhu+pw=="
      },
      "NetCord.Hosting": {
        "type": "Direct",
        "requested": "[1.0.0-alpha.452, )",
        "resolved": "1.0.0-alpha.452",
        "contentHash": "zNmHk6Etdcj4BKjRfHP0bdyTVm81Va0raxfXp9zUkrKqeP8StHK+ijxIrznNrr22vy8XQd1zdfyhBu8rh81F6w==",
        "dependencies": {
          "NetCord": "1.0.0-alpha.452"
        }
      },
      "OpenTelemetry.Exporter.OpenTelemetryProtocol": {
        "type": "Direct",
        "requested": "[1.14.0, )",
        "resolved": "1.14.0",
        "contentHash": "7ELExeje+T/KOywHuHwZBGQNtYlepUaYRFXWgoEaT1iKpFJVwOlE1Y2+uqHI2QQmah0Ue+XgRmDy924vWHfJ6Q==",
        "dependencies": {
          "OpenTelemetry": "1.14.0"
        }
      },
      "OpenTelemetry.Extensions.Hosting": {
        "type": "Direct",
        "requested": "[1.14.0, )",
        "resolved": "1.14.0",
        "contentHash": "ZAxkCIa3Q3YWZ1sGrolXfkhPqn2PFSz2Cel74em/fATZgY5ixlw6MQp2icmqKCz4C7M1W2G0b92K3rX8mOtFRg==",
        "dependencies": {
          "OpenTelemetry": "1.14.0"
        }
      },
      "OpenTelemetry.Instrumentation.AspNetCore": {
        "type": "Direct",
        "requested": "[1.14.0, )",
        "resolved": "1.14.0",
        "contentHash": "NQAQpFa3a4ofPUYwxcwtNPGpuRNwwx1HM7MnLEESYjYkhfhER+PqqGywW65rWd7bJEc1/IaL+xbmHH99pYDE0A==",
        "dependencies": {
          "OpenTelemetry.Api.ProviderBuilderExtensions": "[1.14.0, 2.0.0)"
        }
      },
      "OpenTelemetry.Instrumentation.Http": {
        "type": "Direct",
        "requested": "[1.14.0, )",
        "resolved": "1.14.0",
        "contentHash": "uH8X1fYnywrgaUrSbemKvFiFkBwY7ZbBU7Wh4A/ORQmdpF3G/5STidY4PlK4xYuIv9KkdMXH/vkpvzQcayW70g==",
        "dependencies": {
          "OpenTelemetry.Api.ProviderBuilderExtensions": "[1.14.0, 2.0.0)"
        }
      },
      "Serilog.AspNetCore": {
        "type": "Direct",
        "requested": "[10.0.0, )",
        "resolved": "10.0.0",
        "contentHash": "a/cNa1mY4On1oJlfGG1wAvxjp5g7OEzk/Jf/nm7NF9cWoE7KlZw1GldrifUBWm9oKibHkR7Lg/l5jy3y7ACR8w==",
        "dependencies": {
          "Serilog": "4.3.0",
          "Serilog.Extensions.Hosting": "10.0.0",
          "Serilog.Formatting.Compact": "3.0.0",
          "Serilog.Settings.Configuration": "10.0.0",
          "Serilog.Sinks.Console": "6.1.1",
          "Serilog.Sinks.Debug": "3.0.0",
          "Serilog.Sinks.File": "7.0.0"
        }
      },
      "Serilog.Sinks.File": {
        "type": "Direct",
        "requested": "[7.0.0, )",
        "resolved": "7.0.0",
        "contentHash": "fKL7mXv7qaiNBUC71ssvn/dU0k9t0o45+qm2XgKAlSt19xF+ijjxyA3R6HmCgfKEKwfcfkwWjayuQtRueZFkYw==",
        "dependencies": {
          "Serilog": "4.2.0"
        }
      },
      "Swashbuckle.AspNetCore": {
        "type": "Direct",
        "requested": "[10.1.0, )",
        "resolved": "10.1.0",
        "contentHash": "CvOffaJKStoP0hdfCIX4V/9wuwRkSOJd+PehGo/Y5ALh0WYliLwuMlyh1BbgG7uQtJNe1k5P7QIhIaFfZ/aJAw==",
        "dependencies": {
          "Microsoft.Extensions.ApiDescription.Server": "10.0.0",
          "Swashbuckle.AspNetCore.Swagger": "10.1.0",
          "Swashbuckle.AspNetCore.SwaggerGen": "10.1.0",
          "Swashbuckle.AspNetCore.SwaggerUI": "10.1.0"
        }
      },
      "DnsClient": {
        "type": "Transitive",
        "resolved": "1.8.0",
        "contentHash": "RRwtaCXkXWsx0mmsReGDqCbRLtItfUbkRJlet1FpdciVhyMGKcPd57T1+8Jki9ojHlq9fntVhXQroOOgRak8DQ=="
      },
      "Duende.IdentityModel": {
        "type": "Transitive",
        "resolved": "8.0.0",
        "contentHash": "8i+Tv4c38LgwoTRKbD0+MqtnNNDSVA83G6JkjGHgC4/7jH0nxZBP0RBhH8xTsvNQ5Pv9zrg+TR8rmtWK9HDOPg=="
      },
      "Duende.IdentityModel.OidcClient": {
        "type": "Transitive",
        "resolved": "7.0.0",
        "contentHash": "kCgnw4kkE889lY5NzBfnyMh6Ao8I0+UiNmFUx2+c9vYdh5nOsk6UafUQsytoIGqDbtrNoq5a0V/uY+o3fDc+8Q==",
        "dependencies": {
          "Duende.IdentityModel": "8.0.0"
        }
      },
      "Duende.IdentityModel.OidcClient.Extensions": {
        "type": "Transitive",
        "resolved": "7.0.0",
        "contentHash": "A6vkgMqyaOso+WIJ72FwIW/uGcJYe04XENNMJbd605ZM3M+fONydzK3tXkErhjv1mmU40hj4unKUukGy+JPGMA==",
        "dependencies": {
          "Duende.IdentityModel.OidcClient": "7.0.0",
          "System.IdentityModel.Tokens.Jwt": "[8.0.1, 9.0.0)"
        }
      },
      "Humanizer.Core": {
        "type": "Transitive",
        "resolved": "2.14.1",
        "contentHash": "lQKvtaTDOXnoVJ20ibTuSIOf2i0uO0MPbDhd1jm238I+U/2ZnRENj0cktKZhtchBMtCUSRQ5v4xBCUbKNmyVMw=="
      },
      "idunno.AtProto": {
        "type": "Transitive",
        "resolved": "1.3.0",
        "contentHash": "TjujaeT8CIr7y0QKOq9LmgLLbNfHgpC4jz4xexjvvMrRZSfDdqmkJRI0trNPHnSaXaSOVqOr/+uN+QTxb3OgKw==",
        "dependencies": {
          "DnsClient": "1.8.0",
          "Duende.IdentityModel.OidcClient": "7.0.0",
          "Duende.IdentityModel.OidcClient.Extensions": "7.0.0",
          "Microsoft.IdentityModel.JsonWebTokens": "8.15.0",
          "PeterO.Cbor": "4.5.5",
          "SimpleBase": "5.6.0",
          "ZstdSharp.Port": "0.8.7",
          "idunno.AtProto.Types": "1.3.0"
        }
      },
      "idunno.AtProto.Types": {
        "type": "Transitive",
        "resolved": "1.3.0",
        "contentHash": "WFRoT/TEZ2LzqfVtfStHXBrLQKVlgzxubcXXbZF7uRkp/hztTKnogx1tAzJ3inmNDLxEtJfjVKfMDJAHIbpy5w==",
        "dependencies": {
          "SimpleBase": "5.6.0"
        }
      },
      "Microsoft.Build": {
        "type": "Transitive",
        "resolved": "17.7.2",
        "contentHash": "AmWnumxsMiRycFfE3kq/XnFFTAoPpCWl3UuiKQWCa5Z0+hBKVoiydzS2iXJGd3x+jry+qaTR9GzoezjV9NFT5A==",
        "dependencies": {
          "Microsoft.Build.Framework": "17.7.2",
          "Microsoft.NET.StringTools": "17.7.2",
          "System.Configuration.ConfigurationManager": "7.0.0",
          "System.Reflection.MetadataLoadContext": "7.0.0",
          "System.Security.Permissions": "7.0.0"
        }
      },
      "Microsoft.Build.Framework": {
        "type": "Transitive",
        "resolved": "17.14.28",
        "contentHash": "wRcyTzGV0LRAtFdrddtioh59Ky4/zbvyraP0cQkDzRSRkhgAQb0K88D/JNC6VHLIXanRi3mtV1jU0uQkBwmiVg=="
      },
      "Microsoft.Build.Tasks.Core": {
        "type": "Transitive",
        "resolved": "17.14.28",
        "contentHash": "jk3O0tXp9QWPXhLJ7Pl8wm/eGtGgA1++vwHGWEmnwMU6eP//ghtcCUpQh9CQMwEKGDnH0aJf285V1s8yiSlKfQ==",
        "dependencies": {
          "Microsoft.Build.Framework": "17.14.28",
          "Microsoft.Build.Utilities.Core": "17.14.28",
          "Microsoft.NET.StringTools": "17.14.28",
          "System.CodeDom": "9.0.0",
          "System.Configuration.ConfigurationManager": "9.0.0",
          "System.Formats.Nrbf": "9.0.0",
          "System.Resources.Extensions": "9.0.0",
          "System.Security.Cryptography.Pkcs": "9.0.0",
          "System.Security.Cryptography.ProtectedData": "9.0.0"
        }
      },
      "Microsoft.Build.Utilities.Core": {
        "type": "Transitive",
        "resolved": "17.14.28",
        "contentHash": "rhSdPo8QfLXXWM+rY0x0z1G4KK4ZhMoIbHROyDj8MUBFab9nvHR0NaMnjzOgXldhmD2zi2ir8d6xCatNzlhF5g==",
        "dependencies": {
          "Microsoft.Build.Framework": "17.14.28",
          "Microsoft.NET.StringTools": "17.14.28",
          "System.Configuration.ConfigurationManager": "9.0.0",
          "System.Security.Cryptography.ProtectedData": "9.0.0"
        }
      },
      "Microsoft.CodeAnalysis.Analyzers": {
        "type": "Transitive",
        "resolved": "3.11.0",
        "contentHash": "v/EW3UE8/lbEYHoC2Qq7AR/DnmvpgdtAMndfQNmpuIMx/Mto8L5JnuCfdBYtgvalQOtfNCnxFejxuRrryvUTsg=="
      },
      "Microsoft.CodeAnalysis.Common": {
        "type": "Transitive",
        "resolved": "4.14.0",
        "contentHash": "PC3tuwZYnC+idaPuoC/AZpEdwrtX7qFpmnrfQkgobGIWiYmGi5MCRtl5mx6QrfMGQpK78X2lfIEoZDLg/qnuHg==",
        "dependencies": {
          "Microsoft.CodeAnalysis.Analyzers": "3.11.0"
        }
      },
      "Microsoft.CodeAnalysis.CSharp": {
        "type": "Transitive",
        "resolved": "4.14.0",
        "contentHash": "568a6wcTivauIhbeWcCwfWwIn7UV7MeHEBvFB2uzGIpM2OhJ4eM/FZ8KS0yhPoNxnSpjGzz7x7CIjTxhslojQA==",
        "dependencies": {
          "Microsoft.CodeAnalysis.Analyzers": "3.11.0",
          "Microsoft.CodeAnalysis.Common": "[4.14.0]"
        }
      },
      "Microsoft.CodeAnalysis.CSharp.Workspaces": {
        "type": "Transitive",
        "resolved": "4.14.0",
        "contentHash": "QkgCEM4qJo6gdtblXtNgHqtykS61fxW+820hx5JN6n9DD4mQtqNB+6fPeJ3GQWg6jkkGz6oG9yZq7H3Gf0zwYw==",
        "dependencies": {
          "Humanizer.Core": "2.14.1",
          "Microsoft.CodeAnalysis.Analyzers": "3.11.0",
          "Microsoft.CodeAnalysis.CSharp": "[4.14.0]",
          "Microsoft.CodeAnalysis.Common": "[4.14.0]",
          "Microsoft.CodeAnalysis.Workspaces.Common": "[4.14.0]",
          "System.Composition": "9.0.0"
        }
      },
      "Microsoft.CodeAnalysis.Workspaces.Common": {
        "type": "Transitive",
        "resolved": "4.14.0",
        "contentHash": "wNVK9JrqjqDC/WgBUFV6henDfrW87NPfo98nzah/+M/G1D6sBOPtXwqce3UQNn+6AjTnmkHYN1WV9XmTlPemTw==",
        "dependencies": {
          "Humanizer.Core": "2.14.1",
          "Microsoft.CodeAnalysis.Analyzers": "3.11.0",
          "Microsoft.CodeAnalysis.Common": "[4.14.0]",
          "System.Composition": "9.0.0"
        }
      },
      "Microsoft.CodeAnalysis.Workspaces.MSBuild": {
        "type": "Transitive",
        "resolved": "4.14.0",
        "contentHash": "YU7Sguzm1Cuhi2U6S0DRKcVpqAdBd2QmatpyE0KqYMJogJ9E27KHOWGUzAOjsyjAM7sNaUk+a8VPz24knDseFw==",
        "dependencies": {
          "Humanizer.Core": "2.14.1",
          "Microsoft.Build": "17.7.2",
          "Microsoft.Build.Framework": "17.7.2",
          "Microsoft.Build.Tasks.Core": "17.7.2",
          "Microsoft.Build.Utilities.Core": "17.7.2",
          "Microsoft.CodeAnalysis.Analyzers": "3.11.0",
          "Microsoft.CodeAnalysis.Workspaces.Common": "[4.14.0]",
          "Newtonsoft.Json": "13.0.3",
          "System.CodeDom": "7.0.0",
          "System.Composition": "9.0.0",
          "System.Configuration.ConfigurationManager": "9.0.0",
          "System.Resources.Extensions": "9.0.0",
          "System.Security.Cryptography.Pkcs": "7.0.2",
          "System.Security.Cryptography.ProtectedData": "9.0.0",
          "System.Security.Permissions": "9.0.0",
          "System.Windows.Extensions": "9.0.0"
        }
      },
      "Microsoft.Data.Sqlite.Core": {
        "type": "Transitive",
        "resolved": "10.0.1",
        "contentHash": "ACiR0/BskX5iKL0q9oYSdO46Igc2rD867Vd+RvM/0CU0+7dn4R40vIQPUWQkza5EGfc4Ts3DinnB8jo7WgQOTg==",
        "dependencies": {
          "SQLitePCLRaw.core": "2.1.11"
        }
      },
      "Microsoft.EntityFrameworkCore": {
        "type": "Transitive",
        "resolved": "10.0.1",
        "contentHash": "QsXvZ8G7Dl7x09rlq0b2dye7QqfReMq8yGdl7Mffi3Ip+aTa+JUMixBZ4lhCs9Ygjz2e9tiUACstxI+ADkwaFg==",
        "dependencies": {
          "Microsoft.EntityFrameworkCore.Abstractions": "10.0.1",
          "Microsoft.EntityFrameworkCore.Analyzers": "10.0.1"
        }
      },
      "Microsoft.EntityFrameworkCore.Abstractions": {
        "type": "Transitive",
        "resolved": "10.0.1",
        "contentHash": "sp6Uq8Oc3RVGtmxLS3ZgzVeFHrpLNymsMudoeqRmB9pRTWgvq2S903sF5OnaaZmh4Bz6kpq7FwofE+DOhKJYvg=="
      },
      "Microsoft.EntityFrameworkCore.Analyzers": {
        "type": "Transitive",
        "resolved": "10.0.1",
        "contentHash": "Ug2lxkiz1bpnxQF/xdswLl5EBA6sAG2ig5nMjmtpQZO0C88ZnvUkbpH2vQq+8ultIRmvp5Ec2jndLGRMPjW0Ew=="
      },
      "Microsoft.EntityFrameworkCore.Relational": {
        "type": "Transitive",
        "resolved": "10.0.1",
        "contentHash": "8/5kYGwKN6wtc89QqcPTOZDAJSMX8MzKCf5OmYjIfAHWTfsUEpGKYrdtfNk4X36rQ0BiU3n57Y4rbtnerzJN0Q==",
        "dependencies": {
          "Microsoft.EntityFrameworkCore": "10.0.1"
        }
      },
      "Microsoft.EntityFrameworkCore.Sqlite.Core": {
        "type": "Transitive",
        "resolved": "10.0.1",
        "contentHash": "1rWpcHxWb5JbTPsJrrl2SN3qub3vajfr5zz8zu9fTFFHx1/GZdE8PkmdvFTKb11AGcmqjH8eA3siA+4bssjGfw==",
        "dependencies": {
          "Microsoft.Data.Sqlite.Core": "10.0.1",
          "Microsoft.EntityFrameworkCore.Relational": "10.0.1",
          "Microsoft.Extensions.DependencyModel": "10.0.1",
          "SQLitePCLRaw.core": "2.1.11"
        }
      },
      "Microsoft.Extensions.AmbientMetadata.Application": {
        "type": "Transitive",
        "resolved": "10.1.0",
        "contentHash": "+T2Ax2fgw7T7nlhio+ZtgSyYGfevHCOXNPqO0vxA+f2HmbtfwAnIwHEE/jm1/4uFRDDP8PEENpxAhbucg+wUWg=="
      },
      "Microsoft.Extensions.ApiDescription.Server": {
        "type": "Transitive",
        "resolved": "10.0.0",
        "contentHash": "NCWCGiwRwje8773yzPQhvucYnnfeR+ZoB1VRIrIMp4uaeUNw7jvEPHij3HIbwCDuNCrNcphA00KSAR9yD9qmbg=="
      },
      "Microsoft.Extensions.Compliance.Abstractions": {
        "type": "Transitive",
        "resolved": "10.1.0",
        "contentHash": "M3JWrgZMkVzyEybZzNkTiC/e8U1ipXTi8xm8bj+PHHp4AcEmhmIEqnxRS0VHVCKZjLkOPt2hY2CIisUFQ6gqLA=="
      },
      "Microsoft.Extensions.DependencyInjection.AutoActivation": {
        "type": "Transitive",
        "resolved": "10.1.0",
        "contentHash": "O052pqWkdVNXaj3n9E4x6nLL7sG860434gLh7XHhFp/KpyAY9/rCk9NJUinYfQnDkAA8UgCHimVZz+lTjnEwzQ=="
      },
      "Microsoft.Extensions.DependencyModel": {
        "type": "Transitive",
        "resolved": "10.0.1",
        "contentHash": "IiWPd4j8JLNjSkyXl5hvJwX2ZENDVQVPDHYgZmYdw8+YkY2xp9iQt0vjdnAQZLpo/ipeW1xgOqfSBEnivKWPYQ=="
      },
      "Microsoft.Extensions.Diagnostics.ExceptionSummarization": {
        "type": "Transitive",
        "resolved": "10.1.0",
        "contentHash": "Q76peCoP6vXXf95RLFeMGzcaQs8l3lk+n/ZOTi2i+OLd3R0HzzB0Fswjua4NY1viIbA1s6l1mqRjQbxY7+Jylw=="
      },
      "Microsoft.Extensions.Http.Diagnostics": {
        "type": "Transitive",
        "resolved": "10.1.0",
        "contentHash": "RA1Egggf5o7/5AI5TIxOmmV7T06X2jvA9nSlJazU++X/pgu48EDAjDflTq/+kAk0FHUm9ZpAiBVdWfOP2opAbQ==",
        "dependencies": {
          "Microsoft.Extensions.Telemetry": "10.1.0"
        }
      },
      "Microsoft.Extensions.Resilience": {
        "type": "Transitive",
        "resolved": "10.1.0",
        "contentHash": "NzA+c4m2q92qZPjiZLFm+ToeQC3KFqzP+Dr/1pV5y9d7H/hDM2Yxno0kcw5DGpSvS0s6Pwsp+FWMdk/kXBPZ7g==",
        "dependencies": {
          "Microsoft.Extensions.Diagnostics.ExceptionSummarization": "10.1.0",
          "Microsoft.Extensions.Telemetry.Abstractions": "10.1.0",
          "Polly.Extensions": "8.4.2",
          "Polly.RateLimiting": "8.4.2"
        }
      },
      "Microsoft.Extensions.Telemetry": {
        "type": "Transitive",
        "resolved": "10.1.0",
        "contentHash": "OFnpwOBRZZXMMySvM7eJsEQ87ED5SaRbxHg/an1u89MWHw0mXUUbx5WPb5XFN0uS8kJPe6M+ZMRYwRP0nJeDPA==",
        "dependencies": {
          "Microsoft.Extensions.AmbientMetadata.Application": "10.1.0",
          "Microsoft.Extensions.DependencyInjection.AutoActivation": "10.1.0",
          "Microsoft.Extensions.Telemetry.Abstractions": "10.1.0"
        }
      },
      "Microsoft.Extensions.Telemetry.Abstractions": {
        "type": "Transitive",
        "resolved": "10.1.0",
        "contentHash": "0jAF2b0YJ1LOtunmo3PzSoJOx/ThhcGH5Y5kaV0jeM0BUlyr9orjg+fH5YabqnPSmwcN/DSTj0iZ7UwDISn5ag==",
        "dependencies": {
          "Microsoft.Extensions.Compliance.Abstractions": "10.1.0"
        }
      },
      "Microsoft.IdentityModel.Abstractions": {
        "type": "Transitive",
        "resolved": "8.15.0",
        "contentHash": "e/DApa1GfxUqHSBHcpiQg8yaghKAvFVBQFcWh25jNoRobDZbduTUACY8bZ54eeGWXvimGmEDdF0zkS5Dq16XPQ=="
      },
      "Microsoft.IdentityModel.Logging": {
        "type": "Transitive",
        "resolved": "8.15.0",
        "contentHash": "1gJLjhy0LV2RQMJ9NGzi5Tnb2l+c37o8D8Lrk2mrvmb6OQHZ7XJstd/XxvncXgBpad4x9CGXdipbZzJJCXKyAg==",
        "dependencies": {
          "Microsoft.IdentityModel.Abstractions": "8.15.0"
        }
      },
      "Microsoft.IdentityModel.Tokens": {
        "type": "Transitive",
        "resolved": "8.15.0",
        "contentHash": "zUE9ysJXBtXlHHRtcRK3Sp8NzdCI1z/BRDTXJQ2TvBoI0ENRtnufYIep0O5TSCJRJGDwwuLTUx+l/bEYZUxpCA==",
        "dependencies": {
          "Microsoft.IdentityModel.Logging": "8.15.0"
        }
      },
      "Microsoft.NET.StringTools": {
        "type": "Transitive",
        "resolved": "17.14.28",
        "contentHash": "DMIeWDlxe0Wz0DIhJZ2FMoGQAN2yrGZOi5jjFhRYHWR5ONd0CS6IpAHlRnA7uA/5BF+BADvgsETxW2XrPiFc1A=="
      },
      "Microsoft.OpenApi": {
        "type": "Transitive",
        "resolved": "2.3.0",
        "contentHash": "5RZpjyt0JMmoc/aEgY9c1vE5pusdDGvkPl9qKIy9KFbRiIXD+w7gBJxX+unSjzzOcfgRoYxnO4okZyqDAL2WEw=="
      },
      "Mono.TextTemplating": {
        "type": "Transitive",
        "resolved": "3.0.0",
        "contentHash": "YqueG52R/Xej4VVbKuRIodjiAhV0HR/XVbLbNrJhCZnzjnSjgMJ/dCdV0akQQxavX6hp/LC6rqLGLcXeQYU7XA==",
        "dependencies": {
          "System.CodeDom": "6.0.0"
        }
      },
      "Newtonsoft.Json": {
        "type": "Transitive",
        "resolved": "13.0.3",
        "contentHash": "HrC5BXdl00IP9zeV+0Z848QWPAoCr9P3bDEZguI+gkLcBKAOxix/tLEAAHC+UvDNPv4a2d18lOReHMOagPa+zQ=="
      },
      "OpenTelemetry": {
        "type": "Transitive",
        "resolved": "1.14.0",
        "contentHash": "aiPBAr1+0dPDItH++MQQr5UgMf4xiybruzNlAoYYMYN3UUk+mGRcoKuZy4Z4rhhWUZIpK2Xhe7wUUXSTM32duQ==",
        "dependencies": {
          "OpenTelemetry.Api.ProviderBuilderExtensions": "1.14.0"
        }
      },
      "OpenTelemetry.Api": {
        "type": "Transitive",
        "resolved": "1.14.0",
        "contentHash": "foHci6viUw1f3gUB8qzz3Rk02xZIWMo299X0rxK0MoOWok/3dUVru+KKdY7WIoSHwRGpxGKkmAz9jIk2RFNbsQ=="
      },
      "OpenTelemetry.Api.ProviderBuilderExtensions": {
        "type": "Transitive",
        "resolved": "1.14.0",
        "contentHash": "i/lxOM92v+zU5I0rGl5tXAGz6EJtxk2MvzZ0VN6F6L5pMqT6s6RCXnGWXg6fW+vtZJsllBlQaf/VLPTzgefJpg==",
        "dependencies": {
          "OpenTelemetry.Api": "1.14.0"
        }
      },
      "PeterO.Cbor": {
        "type": "Transitive",
        "resolved": "4.5.5",
        "contentHash": "9fMcLg2SUm9ri1j3gVPYxk6+Ev4l4wu93bYwFG1tvntg1Qy4m0rFDdxStG88XR/W4DggOtBXfPVkC3bLF10nqw==",
        "dependencies": {
          "PeterO.Numbers": "1.8.2",
          "PeterO.URIUtility": "1.0.0"
        }
      },
      "PeterO.Numbers": {
        "type": "Transitive",
        "resolved": "1.8.2",
        "contentHash": "d+A5KLoWbwOTpvubPaGXLgCzANE00jXmsT+yneHwLe2OlobBBFLaIHyoDwmekuHM17z9hU++RF6mL+zZ2x69nA=="
      },
      "PeterO.URIUtility": {
        "type": "Transitive",
        "resolved": "1.0.0",
        "contentHash": "fpRTBsYACMp7NvTECauYRomubWTC3vUNw4hMXdIedP8ctBGK6tea9HOJwE+qVzis6MZYkL3LIs8qeY3rc6Jdlw=="
      },
      "Polly.Core": {
        "type": "Transitive",
        "resolved": "8.4.2",
        "contentHash": "BpE2I6HBYYA5tF0Vn4eoQOGYTYIK1BlF5EXVgkWGn3mqUUjbXAr13J6fZVbp7Q3epRR8yshacBMlsHMhpOiV3g=="
      },
      "Polly.Extensions": {
        "type": "Transitive",
        "resolved": "8.4.2",
        "contentHash": "GZ9vRVmR0jV2JtZavt+pGUsQ1O1cuRKG7R7VOZI6ZDy9y6RNPvRvXK1tuS4ffUrv8L0FTea59oEuQzgS0R7zSA==",
        "dependencies": {
          "Polly.Core": "8.4.2"
        }
      },
      "Polly.RateLimiting": {
        "type": "Transitive",
        "resolved": "8.4.2",
        "contentHash": "ehTImQ/eUyO07VYW2WvwSmU9rRH200SKJ/3jku9rOkyWE0A2JxNFmAVms8dSn49QLSjmjFRRSgfNyOgr/2PSmA==",
        "dependencies": {
          "Polly.Core": "8.4.2"
        }
      },
      "Serilog": {
        "type": "Transitive",
        "resolved": "4.3.0",
        "contentHash": "+cDryFR0GRhsGOnZSKwaDzRRl4MupvJ42FhCE4zhQRVanX0Jpg6WuCBk59OVhVDPmab1bB+nRykAnykYELA9qQ=="
      },
      "Serilog.Extensions.Hosting": {
        "type": "Transitive",
        "resolved": "10.0.0",
        "contentHash": "E7juuIc+gzoGxgzFooFgAV8g9BfiSXNKsUok9NmEpyAXg2odkcPsMa/Yo4axkJRlh0se7mkYQ1GXDaBemR+b6w==",
        "dependencies": {
          "Serilog": "4.3.0",
          "Serilog.Extensions.Logging": "10.0.0"
        }
      },
      "Serilog.Extensions.Logging": {
        "type": "Transitive",
        "resolved": "10.0.0",
        "contentHash": "vx0kABKl2dWbBhhqAfTOk53/i8aV/5VaT3a6il9gn72Wqs2pM7EK2OB6No6xdqK2IaY6Zf9gdjLuK9BVa2rT+Q==",
        "dependencies": {
          "Serilog": "4.2.0"
        }
      },
      "Serilog.Formatting.Compact": {
        "type": "Transitive",
        "resolved": "3.0.0",
        "contentHash": "wQsv14w9cqlfB5FX2MZpNsTawckN4a8dryuNGbebB/3Nh1pXnROHZov3swtu3Nj5oNG7Ba+xdu7Et/ulAUPanQ==",
        "dependencies": {
          "Serilog": "4.0.0"
        }
      },
      "Serilog.Settings.Configuration": {
        "type": "Transitive",
        "resolved": "10.0.0",
        "contentHash": "LNq+ibS1sbhTqPV1FIE69/9AJJbfaOhnaqkzcjFy95o+4U+STsta9mi97f1smgXsWYKICDeGUf8xUGzd/52/uA==",
        "dependencies": {
          "Microsoft.Extensions.DependencyModel": "10.0.0",
          "Serilog": "4.3.0"
        }
      },
      "Serilog.Sinks.Console": {
        "type": "Transitive",
        "resolved": "6.1.1",
        "contentHash": "8jbqgjUyZlfCuSTaJk6lOca465OndqOz3KZP6Cryt/IqZYybyBu7GP0fE/AXBzrrQB3EBmQntBFAvMVz1COvAA==",
        "dependencies": {
          "Serilog": "4.0.0"
        }
      },
      "Serilog.Sinks.Debug": {
        "type": "Transitive",
        "resolved": "3.0.0",
        "contentHash": "4BzXcdrgRX7wde9PmHuYd9U6YqycCC28hhpKonK7hx0wb19eiuRj16fPcPSVp0o/Y1ipJuNLYQ00R3q2Zs8FDA==",
        "dependencies": {
          "Serilog": "4.0.0"
        }
      },
      "SimpleBase": {
        "type": "Transitive",
        "resolved": "5.6.0",
        "contentHash": "1nNr/DCvcxTrQzN1gUnYzFpLkbAKcFYhF/aMK34jVxrPUjMwL/J3KNEp89M0WaW2k9FUpacxRe4BmjFFjOv3zw=="
      },
      "SQLitePCLRaw.bundle_e_sqlite3": {
        "type": "Transitive",
        "resolved": "2.1.11",
        "contentHash": "DC4nA7yWnf4UZdgJDF+9Mus4/cb0Y3Sfgi3gDnAoKNAIBwzkskNAbNbyu+u4atT0ruVlZNJfwZmwiEwE5oz9LQ==",
        "dependencies": {
          "SQLitePCLRaw.lib.e_sqlite3": "2.1.11",
          "SQLitePCLRaw.provider.e_sqlite3": "2.1.11"
        }
      },
      "SQLitePCLRaw.core": {
        "type": "Transitive",
        "resolved": "2.1.11",
        "contentHash": "PK0GLFkfhZzLQeR3PJf71FmhtHox+U3vcY6ZtswoMjrefkB9k6ErNJEnwXqc5KgXDSjige2XXrezqS39gkpQKA=="
      },
      "SQLitePCLRaw.lib.e_sqlite3": {
        "type": "Transitive",
        "resolved": "2.1.11",
        "contentHash": "Ev2ytaXiOlWZ4b3R67GZBsemTINslLD1DCJr2xiacpn4tbapu0Q4dHEzSvZSMnVWeE5nlObU3VZN2p81q3XOYQ=="
      },
      "SQLitePCLRaw.provider.e_sqlite3": {
        "type": "Transitive",
        "resolved": "2.1.11",
        "contentHash": "Y/0ZkR+r0Cg3DQFuCl1RBnv/tmxpIZRU3HUvelPw6MVaKHwYYR8YNvgs0vuNuXCMvlyJ+Fh88U1D4tah1tt6qw==",
        "dependencies": {
          "SQLitePCLRaw.core": "2.1.11"
        }
      },
      "Swashbuckle.AspNetCore.Swagger": {
        "type": "Transitive",
        "resolved": "10.1.0",
        "contentHash": "9Kp35Jhkzw73UXnvgGWVgRjvfGx5h1V4fdL9JcPZMKoTyO/bnKD/1i86n8u2p+rVTDed0cDSH4PKbX4WicZ/gg==",
        "dependencies": {
          "Microsoft.OpenApi": "2.3.0"
        }
      },
      "Swashbuckle.AspNetCore.SwaggerGen": {
        "type": "Transitive",
        "resolved": "10.1.0",
        "contentHash": "XV2gyKmjWs5K5QaSq9rNYtO/E7vr/RcyBkMbbCVUlUtI5OY0HKj260Wee9zsJ7scJf7kPCxeseBiUMRp67ZWxA==",
        "dependencies": {
          "Swashbuckle.AspNetCore.Swagger": "10.1.0"
        }
      },
      "Swashbuckle.AspNetCore.SwaggerUI": {
        "type": "Transitive",
        "resolved": "10.1.0",
        "contentHash": "ilUsTvGA9hO1ulR7ibdWMWSg3438Iu+pDFcEYUorp+/ClHwaHFdpp/ATfBsFXv2sIRVDbQlEwd5BWBOdMdtKCA=="
      },
      "System.CodeDom": {
        "type": "Transitive",
        "resolved": "9.0.0",
        "contentHash": "oTE5IfuMoET8yaZP/vdvy9xO47guAv/rOhe4DODuFBN3ySprcQOlXqO3j+e/H/YpKKR5sglrxRaZ2HYOhNJrqA=="
      },
      "System.Composition": {
        "type": "Transitive",
        "resolved": "9.0.0",
        "contentHash": "3Djj70fFTraOarSKmRnmRy/zm4YurICm+kiCtI0dYRqGJnLX6nJ+G3WYuFJ173cAPax/gh96REcbNiVqcrypFQ==",
        "dependencies": {
          "System.Composition.AttributedModel": "9.0.0",
          "System.Composition.Convention": "9.0.0",
          "System.Composition.Hosting": "9.0.0",
          "System.Composition.Runtime": "9.0.0",
          "System.Composition.TypedParts": "9.0.0"
        }
      },
      "System.Composition.AttributedModel": {
        "type": "Transitive",
        "resolved": "9.0.0",
        "contentHash": "iri00l/zIX9g4lHMY+Nz0qV1n40+jFYAmgsaiNn16xvt2RDwlqByNG4wgblagnDYxm3YSQQ0jLlC/7Xlk9CzyA=="
      },
      "System.Composition.Convention": {
        "type": "Transitive",
        "resolved": "9.0.0",
        "contentHash": "+vuqVP6xpi582XIjJi6OCsIxuoTZfR0M7WWufk3uGDeCl3wGW6KnpylUJ3iiXdPByPE0vR5TjJgR6hDLez4FQg==",
        "dependencies": {
          "System.Composition.AttributedModel": "9.0.0"
        }
      },
      "System.Composition.Hosting": {
        "type": "Transitive",
        "resolved": "9.0.0",
        "contentHash": "OFqSeFeJYr7kHxDfaViGM1ymk7d4JxK//VSoNF9Ux0gpqkLsauDZpu89kTHHNdCWfSljbFcvAafGyBoY094btQ==",
        "dependencies": {
          "System.Composition.Runtime": "9.0.0"
        }
      },
      "System.Composition.Runtime": {
        "type": "Transitive",
        "resolved": "9.0.0",
        "contentHash": "w1HOlQY1zsOWYussjFGZCEYF2UZXgvoYnS94NIu2CBnAGMbXFAX8PY8c92KwUItPmowal68jnVLBCzdrWLeEKA=="
      },
      "System.Composition.TypedParts": {
        "type": "Transitive",
        "resolved": "9.0.0",
        "contentHash": "aRZlojCCGEHDKqh43jaDgaVpYETsgd7Nx4g1zwLKMtv4iTo0627715ajEFNpEEBTgLmvZuv8K0EVxc3sM4NWJA==",
        "dependencies": {
          "System.Composition.AttributedModel": "9.0.0",
          "System.Composition.Hosting": "9.0.0",
          "System.Composition.Runtime": "9.0.0"
        }
      },
      "System.Configuration.ConfigurationManager": {
        "type": "Transitive",
        "resolved": "9.0.0",
        "contentHash": "PdkuMrwDhXoKFo/JxISIi9E8L+QGn9Iquj2OKDWHB6Y/HnUOuBouF7uS3R4Hw3FoNmwwMo6hWgazQdyHIIs27A==",
        "dependencies": {
          "System.Security.Cryptography.ProtectedData": "9.0.0"
        }
      },
      "System.Formats.Nrbf": {
        "type": "Transitive",
        "resolved": "9.0.0",
        "contentHash": "F/6tNE+ckmdFeSQAyQo26bQOqfPFKEfZcuqnp4kBE6/7jP26diP+QTHCJJ6vpEfaY6bLy+hBLiIQUSxSmNwLkA=="
      },
      "System.IdentityModel.Tokens.Jwt": {
        "type": "Transitive",
        "resolved": "8.0.1",
        "contentHash": "GJw3bYkWpOgvN3tJo5X4lYUeIFA2HD293FPUhKmp7qxS+g5ywAb34Dnd3cDAFLkcMohy5XTpoaZ4uAHuw0uSPQ==",
        "dependencies": {
          "Microsoft.IdentityModel.JsonWebTokens": "8.0.1",
          "Microsoft.IdentityModel.Tokens": "8.0.1"
        }
      },
      "System.Reflection.MetadataLoadContext": {
        "type": "Transitive",
        "resolved": "7.0.0",
        "contentHash": "z9PvtMJra5hK8n+g0wmPtaG7HQRZpTmIPRw5Z0LEemlcdQMHuTD5D7OAY/fZuuz1L9db++QOcDF0gJTLpbMtZQ=="
      },
      "System.Resources.Extensions": {
        "type": "Transitive",
        "resolved": "9.0.0",
        "contentHash": "tvhuT1D2OwPROdL1kRWtaTJliQo0WdyhvwDpd8RM997G7m3Hya5nhbYhNTS75x6Vu+ypSOgL5qxDCn8IROtCxw==",
        "dependencies": {
          "System.Formats.Nrbf": "9.0.0"
        }
      },
      "System.Security.Cryptography.Pkcs": {
        "type": "Transitive",
        "resolved": "9.0.0",
        "contentHash": "8tluJF8w9si+2yoHeL8rgVJS6lKvWomTDC8px65Z8MCzzdME5eaPtEQf4OfVGrAxB5fW93ncucy1+221O9EQaw=="
      },
      "System.Security.Cryptography.ProtectedData": {
        "type": "Transitive",
        "resolved": "9.0.0",
        "contentHash": "CJW+x/F6fmRQ7N6K8paasTw9PDZp4t7G76UjGNlSDgoHPF0h08vTzLYbLZpOLEJSg35d5wy2jCXGo84EN05DpQ=="
      },
      "System.Security.Permissions": {
        "type": "Transitive",
        "resolved": "9.0.0",
        "contentHash": "H2VFD4SFVxieywNxn9/epb63/IOcPPfA0WOtfkljzNfu7GCcHIBQNuwP6zGCEIi7Ci/oj8aLPUNK9sYImMFf4Q==",
        "dependencies": {
          "System.Windows.Extensions": "9.0.0"
        }
      },
      "System.Windows.Extensions": {
        "type": "Transitive",
        "resolved": "9.0.0",
        "contentHash": "U9msthvnH2Fsw7xwAvIhNHOdnIjOQTwOc8Vd0oGOsiRcGMGoBFlUD6qtYawRUoQdKH9ysxesZ9juFElt1Jw/7A=="
      },
      "ZstdSharp.Port": {
        "type": "Transitive",
        "resolved": "0.8.7",
        "contentHash": "+4VpxvzEKaHpfTjsLRMhQHx6brqGBkIA+fjUM3wUW8ZoWpPFAeKrO2Nf4uZDeBjjzNDNxSRvLQH4b3S9Ku4JJQ=="
      }
    },
    "net10.0/linux-arm64": {
      "SQLitePCLRaw.lib.e_sqlite3": {
        "type": "Transitive",
        "resolved": "2.1.11",
        "contentHash": "Ev2ytaXiOlWZ4b3R67GZBsemTINslLD1DCJr2xiacpn4tbapu0Q4dHEzSvZSMnVWeE5nlObU3VZN2p81q3XOYQ=="
      },
      "System.Security.Cryptography.Pkcs": {
        "type": "Transitive",
        "resolved": "9.0.0",
        "contentHash": "8tluJF8w9si+2yoHeL8rgVJS6lKvWomTDC8px65Z8MCzzdME5eaPtEQf4OfVGrAxB5fW93ncucy1+221O9EQaw=="
      },
      "System.Windows.Extensions": {
        "type": "Transitive",
        "resolved": "9.0.0",
        "contentHash": "U9msthvnH2Fsw7xwAvIhNHOdnIjOQTwOc8Vd0oGOsiRcGMGoBFlUD6qtYawRUoQdKH9ysxesZ9juFElt1Jw/7A=="
      }
    },
    "net10.0/linux-x64": {
      "SQLitePCLRaw.lib.e_sqlite3": {
        "type": "Transitive",
        "resolved": "2.1.11",
        "contentHash": "Ev2ytaXiOlWZ4b3R67GZBsemTINslLD1DCJr2xiacpn4tbapu0Q4dHEzSvZSMnVWeE5nlObU3VZN2p81q3XOYQ=="
      },
      "System.Security.Cryptography.Pkcs": {
        "type": "Transitive",
        "resolved": "9.0.0",
        "contentHash": "8tluJF8w9si+2yoHeL8rgVJS6lKvWomTDC8px65Z8MCzzdME5eaPtEQf4OfVGrAxB5fW93ncucy1+221O9EQaw=="
      },
      "System.Windows.Extensions": {
        "type": "Transitive",
        "resolved": "9.0.0",
        "contentHash": "U9msthvnH2Fsw7xwAvIhNHOdnIjOQTwOc8Vd0oGOsiRcGMGoBFlUD6qtYawRUoQdKH9ysxesZ9juFElt1Jw/7A=="
      }
    },
    "net10.0/osx-arm64": {
      "SQLitePCLRaw.lib.e_sqlite3": {
        "type": "Transitive",
        "resolved": "2.1.11",
        "contentHash": "Ev2ytaXiOlWZ4b3R67GZBsemTINslLD1DCJr2xiacpn4tbapu0Q4dHEzSvZSMnVWeE5nlObU3VZN2p81q3XOYQ=="
      },
      "System.Security.Cryptography.Pkcs": {
        "type": "Transitive",
        "resolved": "9.0.0",
        "contentHash": "8tluJF8w9si+2yoHeL8rgVJS6lKvWomTDC8px65Z8MCzzdME5eaPtEQf4OfVGrAxB5fW93ncucy1+221O9EQaw=="
      },
      "System.Windows.Extensions": {
        "type": "Transitive",
        "resolved": "9.0.0",
        "contentHash": "U9msthvnH2Fsw7xwAvIhNHOdnIjOQTwOc8Vd0oGOsiRcGMGoBFlUD6qtYawRUoQdKH9ysxesZ9juFElt1Jw/7A=="
      }
    },
    "net10.0/win-arm64": {
      "SQLitePCLRaw.lib.e_sqlite3": {
        "type": "Transitive",
        "resolved": "2.1.11",
        "contentHash": "Ev2ytaXiOlWZ4b3R67GZBsemTINslLD1DCJr2xiacpn4tbapu0Q4dHEzSvZSMnVWeE5nlObU3VZN2p81q3XOYQ=="
      },
      "System.Security.Cryptography.Pkcs": {
        "type": "Transitive",
        "resolved": "9.0.0",
        "contentHash": "8tluJF8w9si+2yoHeL8rgVJS6lKvWomTDC8px65Z8MCzzdME5eaPtEQf4OfVGrAxB5fW93ncucy1+221O9EQaw=="
      },
      "System.Windows.Extensions": {
        "type": "Transitive",
        "resolved": "9.0.0",
        "contentHash": "U9msthvnH2Fsw7xwAvIhNHOdnIjOQTwOc8Vd0oGOsiRcGMGoBFlUD6qtYawRUoQdKH9ysxesZ9juFElt1Jw/7A=="
      }
    },
    "net10.0/win-x64": {
      "SQLitePCLRaw.lib.e_sqlite3": {
        "type": "Transitive",
        "resolved": "2.1.11",
        "contentHash": "Ev2ytaXiOlWZ4b3R67GZBsemTINslLD1DCJr2xiacpn4tbapu0Q4dHEzSvZSMnVWeE5nlObU3VZN2p81q3XOYQ=="
      },
      "System.Security.Cryptography.Pkcs": {
        "type": "Transitive",
        "resolved": "9.0.0",
        "contentHash": "8tluJF8w9si+2yoHeL8rgVJS6lKvWomTDC8px65Z8MCzzdME5eaPtEQf4OfVGrAxB5fW93ncucy1+221O9EQaw=="
      },
      "System.Windows.Extensions": {
        "type": "Transitive",
        "resolved": "9.0.0",
        "contentHash": "U9msthvnH2Fsw7xwAvIhNHOdnIjOQTwOc8Vd0oGOsiRcGMGoBFlUD6qtYawRUoQdKH9ysxesZ9juFElt1Jw/7A=="
      }
    }
  }
}